// !$*UTF8*$!
{
	archiveVersion = 1;
	classes = {
	};
	objectVersion = 46;
	objects = {

/* Begin PBXBuildFile section */
		7003EF8E1F34009500242979 /* AppDelegate.swift in Sources */ = {isa = PBXBuildFile; fileRef = 7003EF8D1F34009500242979 /* AppDelegate.swift */; };
		7003EF901F34009500242979 /* ViewController.swift in Sources */ = {isa = PBXBuildFile; fileRef = 7003EF8F1F34009500242979 /* ViewController.swift */; };
		7003EF931F34009500242979 /* Main.storyboard in Resources */ = {isa = PBXBuildFile; fileRef = 7003EF911F34009500242979 /* Main.storyboard */; };
		7003EF951F34009500242979 /* Assets.xcassets in Resources */ = {isa = PBXBuildFile; fileRef = 7003EF941F34009500242979 /* Assets.xcassets */; };
		7003EF981F34009500242979 /* LaunchScreen.storyboard in Resources */ = {isa = PBXBuildFile; fileRef = 7003EF961F34009500242979 /* LaunchScreen.storyboard */; };
/* End PBXBuildFile section */

/* Begin PBXFileReference section */
		7003EF8A1F34009500242979 /* Lickability.app */ = {isa = PBXFileReference; explicitFileType = wrapper.application; includeInIndex = 0; path = Lickability.app; sourceTree = BUILT_PRODUCTS_DIR; };
		7003EF8D1F34009500242979 /* AppDelegate.swift */ = {isa = PBXFileReference; lastKnownFileType = sourcecode.swift; path = AppDelegate.swift; sourceTree = "<group>"; };
		7003EF8F1F34009500242979 /* ViewController.swift */ = {isa = PBXFileReference; lastKnownFileType = sourcecode.swift; path = ViewController.swift; sourceTree = "<group>"; };
		7003EF921F34009500242979 /* Base */ = {isa = PBXFileReference; lastKnownFileType = file.storyboard; name = Base; path = Base.lproj/Main.storyboard; sourceTree = "<group>"; };
		7003EF941F34009500242979 /* Assets.xcassets */ = {isa = PBXFileReference; lastKnownFileType = folder.assetcatalog; path = Assets.xcassets; sourceTree = "<group>"; };
		7003EF971F34009500242979 /* Base */ = {isa = PBXFileReference; lastKnownFileType = file.storyboard; name = Base; path = Base.lproj/LaunchScreen.storyboard; sourceTree = "<group>"; };
		7003EF991F34009500242979 /* Info.plist */ = {isa = PBXFileReference; lastKnownFileType = text.plist.xml; path = Info.plist; sourceTree = "<group>"; };
/* End PBXFileReference section */

/* Begin PBXFrameworksBuildPhase section */
		7003EF871F34009500242979 /* Frameworks */ = {
			isa = PBXFrameworksBuildPhase;
			buildActionMask = 2147483647;
			files = (
			);
			runOnlyForDeploymentPostprocessing = 0;
		};
/* End PBXFrameworksBuildPhase section */

/* Begin PBXGroup section */
		7003EF811F34009500242979 = {
			isa = PBXGroup;
			children = (
				7003EF8C1F34009500242979 /* Lickability */,
				7003EF8B1F34009500242979 /* Products */,
			);
			sourceTree = "<group>";
		};
		7003EF8B1F34009500242979 /* Products */ = {
			isa = PBXGroup;
			children = (
				7003EF8A1F34009500242979 /* Lickability.app */,
			);
			name = Products;
			sourceTree = "<group>";
		};
		7003EF8C1F34009500242979 /* Lickability */ = {
			isa = PBXGroup;
			children = (
				7003EF8D1F34009500242979 /* AppDelegate.swift */,
				7003EF8F1F34009500242979 /* ViewController.swift */,
				7003EF911F34009500242979 /* Main.storyboard */,
				7003EF941F34009500242979 /* Assets.xcassets */,
				7003EF961F34009500242979 /* LaunchScreen.storyboard */,
				7003EF991F34009500242979 /* Info.plist */,
			);
			path = Lickability;
			sourceTree = "<group>";
		};
/* End PBXGroup section */

/* Begin PBXNativeTarget section */
		7003EF891F34009500242979 /* Lickability */ = {
			isa = PBXNativeTarget;
			buildConfigurationList = 7003EF9C1F34009500242979 /* Build configuration list for PBXNativeTarget "Lickability" */;
			buildPhases = (
				7003EF861F34009500242979 /* Sources */,
				7003EF871F34009500242979 /* Frameworks */,
				7003EF881F34009500242979 /* Resources */,
			);
			buildRules = (
			);
			dependencies = (
			);
			name = Lickability;
			productName = Lickability;
			productReference = 7003EF8A1F34009500242979 /* Lickability.app */;
			productType = "com.apple.product-type.application";
		};
/* End PBXNativeTarget section */

/* Begin PBXProject section */
		7003EF821F34009500242979 /* Project object */ = {
			isa = PBXProject;
			attributes = {
				LastSwiftUpdateCheck = 0830;
				LastUpgradeCheck = 0830;
				ORGANIZATIONNAME = DLEE;
				TargetAttributes = {
					7003EF891F34009500242979 = {
						CreatedOnToolsVersion = 8.3.3;
						DevelopmentTeam = 76EM9P9GMZ;
						ProvisioningStyle = Automatic;
					};
				};
			};
			buildConfigurationList = 7003EF851F34009500242979 /* Build configuration list for PBXProject "Lickability" */;
			compatibilityVersion = "Xcode 3.2";
			developmentRegion = English;
			hasScannedForEncodings = 0;
			knownRegions = (
				en,
				Base,
			);
			mainGroup = 7003EF811F34009500242979;
			productRefGroup = 7003EF8B1F34009500242979 /* Products */;
			projectDirPath = "";
			projectRoot = "";
			targets = (
				7003EF891F34009500242979 /* Lickability */,
			);
		};
/* End PBXProject section */

/* Begin PBXResourcesBuildPhase section */
		7003EF881F34009500242979 /* Resources */ = {
			isa = PBXResourcesBuildPhase;
			buildActionMask = 2147483647;
			files = (
				7003EF981F34009500242979 /* LaunchScreen.storyboard in Resources */,
				7003EF951F34009500242979 /* Assets.xcassets in Resources */,
				7003EF931F34009500242979 /* Main.storyboard in Resources */,
			);
			runOnlyForDeploymentPostprocessing = 0;
		};
/* End PBXResourcesBuildPhase section */

/* Begin PBXSourcesBuildPhase section */
		7003EF861F34009500242979 /* Sources */ = {
			isa = PBXSourcesBuildPhase;
			buildActionMask = 2147483647;
			files = (
				7003EF901F34009500242979 /* ViewController.swift in Sources */,
				7003EF8E1F34009500242979 /* AppDelegate.swift in Sources */,
			);
			runOnlyForDeploymentPostprocessing = 0;
		};
/* End PBXSourcesBuildPhase section */

/* Begin PBXVariantGroup section */
		7003EF911F34009500242979 /* Main.storyboard */ = {
			isa = PBXVariantGroup;
			children = (
				7003EF921F34009500242979 /* Base */,
			);
			name = Main.storyboard;
			sourceTree = "<group>";
		};
		7003EF961F34009500242979 /* LaunchScreen.storyboard */ = {
			isa = PBXVariantGroup;
			children = (
				7003EF971F34009500242979 /* Base */,
			);
			name = LaunchScreen.storyboard;
			sourceTree = "<group>";
		};
/* End PBXVariantGroup section */

/* Begin XCBuildConfiguration section */
		7003EF9A1F34009500242979 /* Debug */ = {
			isa = XCBuildConfiguration;
			buildSettings = {
				ALWAYS_SEARCH_USER_PATHS = NO;
				CLANG_ANALYZER_NONNULL = YES;
				CLANG_ANALYZER_NUMBER_OBJECT_CONVERSION = YES_AGGRESSIVE;
				CLANG_CXX_LANGUAGE_STANDARD = "gnu++0x";
				CLANG_CXX_LIBRARY = "libc++";
				CLANG_ENABLE_MODULES = YES;
				CLANG_ENABLE_OBJC_ARC = YES;
				CLANG_WARN_BOOL_CONVERSION = YES;
				CLANG_WARN_CONSTANT_CONVERSION = YES;
				CLANG_WARN_DIRECT_OBJC_ISA_USAGE = YES_ERROR;
				CLANG_WARN_DOCUMENTATION_COMMENTS = YES;
				CLANG_WARN_EMPTY_BODY = YES;
				CLANG_WARN_ENUM_CONVERSION = YES;
				CLANG_WARN_INFINITE_RECURSION = YES;
				CLANG_WARN_INT_CONVERSION = YES;
				CLANG_WARN_OBJC_ROOT_CLASS = YES_ERROR;
				CLANG_WARN_SUSPICIOUS_MOVE = YES;
				CLANG_WARN_UNREACHABLE_CODE = YES;
				CLANG_WARN__DUPLICATE_METHOD_MATCH = YES;
				"CODE_SIGN_IDENTITY[sdk=iphoneos*]" = "iPhone Developer";
				COPY_PHASE_STRIP = NO;
				DEBUG_INFORMATION_FORMAT = dwarf;
				ENABLE_STRICT_OBJC_MSGSEND = YES;
				ENABLE_TESTABILITY = YES;
				GCC_C_LANGUAGE_STANDARD = gnu99;
				GCC_DYNAMIC_NO_PIC = NO;
				GCC_NO_COMMON_BLOCKS = YES;
				GCC_OPTIMIZATION_LEVEL = 0;
				GCC_PREPROCESSOR_DEFINITIONS = (
					"DEBUG=1",
					"$(inherited)",
				);
				GCC_WARN_64_TO_32_BIT_CONVERSION = YES;
				GCC_WARN_ABOUT_RETURN_TYPE = YES_ERROR;
				GCC_WARN_UNDECLARED_SELECTOR = YES;
				GCC_WARN_UNINITIALIZED_AUTOS = YES_AGGRESSIVE;
				GCC_WARN_UNUSED_FUNCTION = YES;
				GCC_WARN_UNUSED_VARIABLE = YES;
				IPHONEOS_DEPLOYMENT_TARGET = 10.3;
				MTL_ENABLE_DEBUG_INFO = YES;
				ONLY_ACTIVE_ARCH = YES;
				SDKROOT = iphoneos;
				SWIFT_ACTIVE_COMPILATION_CONDITIONS = DEBUG;
				SWIFT_OPTIMIZATION_LEVEL = "-Onone";
			};
			name = Debug;
		};
		7003EF9B1F34009500242979 /* Release */ = {
			isa = XCBuildConfiguration;
			buildSettings = {
				ALWAYS_SEARCH_USER_PATHS = NO;
				CLANG_ANALYZER_NONNULL = YES;
				CLANG_ANALYZER_NUMBER_OBJECT_CONVERSION = YES_AGGRESSIVE;
				CLANG_CXX_LANGUAGE_STANDARD = "gnu++0x";
				CLANG_CXX_LIBRARY = "libc++";
				CLANG_ENABLE_MODULES = YES;
				CLANG_ENABLE_OBJC_ARC = YES;
				CLANG_WARN_BOOL_CONVERSION = YES;
				CLANG_WARN_CONSTANT_CONVERSION = YES;
				CLANG_WARN_DIRECT_OBJC_ISA_USAGE = YES_ERROR;
				CLANG_WARN_DOCUMENTATION_COMMENTS = YES;
				CLANG_WARN_EMPTY_BODY = YES;
				CLANG_WARN_ENUM_CONVERSION = YES;
				CLANG_WARN_INFINITE_RECURSION = YES;
				CLANG_WARN_INT_CONVERSION = YES;
				CLANG_WARN_OBJC_ROOT_CLASS = YES_ERROR;
				CLANG_WARN_SUSPICIOUS_MOVE = YES;
				CLANG_WARN_UNREACHABLE_CODE = YES;
				CLANG_WARN__DUPLICATE_METHOD_MATCH = YES;
				"CODE_SIGN_IDENTITY[sdk=iphoneos*]" = "iPhone Developer";
				COPY_PHASE_STRIP = NO;
				DEBUG_INFORMATION_FORMAT = "dwarf-with-dsym";
				ENABLE_NS_ASSERTIONS = NO;
				ENABLE_STRICT_OBJC_MSGSEND = YES;
				GCC_C_LANGUAGE_STANDARD = gnu99;
				GCC_NO_COMMON_BLOCKS = YES;
				GCC_WARN_64_TO_32_BIT_CONVERSION = YES;
				GCC_WARN_ABOUT_RETURN_TYPE = YES_ERROR;
				GCC_WARN_UNDECLARED_SELECTOR = YES;
				GCC_WARN_UNINITIALIZED_AUTOS = YES_AGGRESSIVE;
				GCC_WARN_UNUSED_FUNCTION = YES;
				GCC_WARN_UNUSED_VARIABLE = YES;
				IPHONEOS_DEPLOYMENT_TARGET = 10.3;
				MTL_ENABLE_DEBUG_INFO = NO;
				SDKROOT = iphoneos;
				SWIFT_OPTIMIZATION_LEVEL = "-Owholemodule";
				VALIDATE_PRODUCT = YES;
			};
			name = Release;
		};
		7003EF9D1F34009500242979 /* Debug */ = {
			isa = XCBuildConfiguration;
			buildSettings = {
				ASSETCATALOG_COMPILER_APPICON_NAME = AppIcon;
				DEVELOPMENT_TEAM = 76EM9P9GMZ;
				INFOPLIST_FILE = Lickability/Info.plist;
				LD_RUNPATH_SEARCH_PATHS = "$(inherited) @executable_path/Frameworks";
				PRODUCT_BUNDLE_IDENTIFIER = dlee923.Lickability;
				PRODUCT_NAME = "$(TARGET_NAME)";
				SWIFT_VERSION = 3.0;
			};
			name = Debug;
		};
		7003EF9E1F34009500242979 /* Release */ = {
			isa = XCBuildConfiguration;
			buildSettings = {
				ASSETCATALOG_COMPILER_APPICON_NAME = AppIcon;
				DEVELOPMENT_TEAM = 76EM9P9GMZ;
				INFOPLIST_FILE = Lickability/Info.plist;
				LD_RUNPATH_SEARCH_PATHS = "$(inherited) @executable_path/Frameworks";
				PRODUCT_BUNDLE_IDENTIFIER = dlee923.Lickability;
				PRODUCT_NAME = "$(TARGET_NAME)";
				SWIFT_VERSION = 3.0;
			};
			name = Release;
		};
/* End XCBuildConfiguration section */

/* Begin XCConfigurationList section */
		7003EF851F34009500242979 /* Build configuration list for PBXProject "Lickability" */ = {
			isa = XCConfigurationList;
			buildConfigurations = (
				7003EF9A1F34009500242979 /* Debug */,
				7003EF9B1F34009500242979 /* Release */,
			);
			defaultConfigurationIsVisible = 0;
			defaultConfigurationName = Release;
		};
		7003EF9C1F34009500242979 /* Build configuration list for PBXNativeTarget "Lickability" */ = {
			isa = XCConfigurationList;
			buildConfigurations = (
				7003EF9D1F34009500242979 /* Debug */,
				7003EF9E1F34009500242979 /* Release */,
			);
			defaultConfigurationIsVisible = 0;
		};
/* End XCConfigurationList section */
	};
	rootObject = 7003EF821F34009500242979 /* Project object */;
}
