// !$*UTF8*$!
{
	archiveVersion = 1;
	classes = {
	};
	objectVersion = 46;
	objects = {

/* Begin PBXBuildFile section */
		7003EF8E1F34009500242979 /* AppDelegate.swift in Sources */ = {isa = PBXBuildFile; fileRef = 7003EF8D1F34009500242979 /* AppDelegate.swift */; };
		7003EF901F34009500242979 /* MainVC.swift in Sources */ = {isa = PBXBuildFile; fileRef = 7003EF8F1F34009500242979 /* MainVC.swift */; };
		7003EF951F34009500242979 /* Assets.xcassets in Resources */ = {isa = PBXBuildFile; fileRef = 7003EF941F34009500242979 /* Assets.xcassets */; };
		7003EF981F34009500242979 /* LaunchScreen.storyboard in Resources */ = {isa = PBXBuildFile; fileRef = 7003EF961F34009500242979 /* LaunchScreen.storyboard */; };
		7003EFA41F3403A600242979 /* ThumbnailCV.swift in Sources */ = {isa = PBXBuildFile; fileRef = 7003EFA31F3403A600242979 /* ThumbnailCV.swift */; };
		7003EFA61F3404CE00242979 /* Swatch.swift in Sources */ = {isa = PBXBuildFile; fileRef = 7003EFA51F3404CE00242979 /* Swatch.swift */; };
		7003EFA81F34058900242979 /* WebService.swift in Sources */ = {isa = PBXBuildFile; fileRef = 7003EFA71F34058900242979 /* WebService.swift */; };
		7003EFAA1F349E3500242979 /* ThumbnailCVCell.swift in Sources */ = {isa = PBXBuildFile; fileRef = 7003EFA91F349E3500242979 /* ThumbnailCVCell.swift */; };
		7003EFAE1F34BEB400242979 /* ColorPicker.swift in Sources */ = {isa = PBXBuildFile; fileRef = 7003EFAD1F34BEB400242979 /* ColorPicker.swift */; };
		7003EFB01F34D1EB00242979 /* DownloadingImage.swift in Sources */ = {isa = PBXBuildFile; fileRef = 7003EFAF1F34D1EB00242979 /* DownloadingImage.swift */; };
		7003EFB41F34D3AD00242979 /* ColorPickerView.swift in Sources */ = {isa = PBXBuildFile; fileRef = 7003EFB31F34D3AD00242979 /* ColorPickerView.swift */; };
		7003EFB61F34E31600242979 /* GlobalAttributes.swift in Sources */ = {isa = PBXBuildFile; fileRef = 7003EFB51F34E31600242979 /* GlobalAttributes.swift */; };
		7003EFB81F34FECE00242979 /* DetailView.swift in Sources */ = {isa = PBXBuildFile; fileRef = 7003EFB71F34FECE00242979 /* DetailView.swift */; };
		7003EFBA1F3505FD00242979 /* ThumbnailCVSelected.swift in Sources */ = {isa = PBXBuildFile; fileRef = 7003EFB91F3505FD00242979 /* ThumbnailCVSelected.swift */; };
		703AEDCC1F362E4800D2517B /* WebServiceTests.swift in Sources */ = {isa = PBXBuildFile; fileRef = 703AEDCB1F362E4800D2517B /* WebServiceTests.swift */; };
		703AEDF01F36A04D00D2517B /* ThumbnailRefresher.swift in Sources */ = {isa = PBXBuildFile; fileRef = 703AEDEF1F36A04D00D2517B /* ThumbnailRefresher.swift */; };
		703AEDF21F36AD1F00D2517B /* MainVCViewSetUp.swift in Sources */ = {isa = PBXBuildFile; fileRef = 703AEDF11F36AD1F00D2517B /* MainVCViewSetUp.swift */; };
		70FC3D381F36053500EC02EC /* DetailViewLabel.swift in Sources */ = {isa = PBXBuildFile; fileRef = 70FC3D371F36053500EC02EC /* DetailViewLabel.swift */; };
/* End PBXBuildFile section */

/* Begin PBXContainerItemProxy section */
		703AEDCE1F362E4800D2517B /* PBXContainerItemProxy */ = {
			isa = PBXContainerItemProxy;
			containerPortal = 7003EF821F34009500242979 /* Project object */;
			proxyType = 1;
			remoteGlobalIDString = 7003EF891F34009500242979;
			remoteInfo = Lickability;
		};
/* End PBXContainerItemProxy section */

/* Begin PBXFileReference section */
		7003EF8A1F34009500242979 /* Lickability.app */ = {isa = PBXFileReference; explicitFileType = wrapper.application; includeInIndex = 0; path = Lickability.app; sourceTree = BUILT_PRODUCTS_DIR; };
		7003EF8D1F34009500242979 /* AppDelegate.swift */ = {isa = PBXFileReference; lastKnownFileType = sourcecode.swift; path = AppDelegate.swift; sourceTree = "<group>"; };
		7003EF8F1F34009500242979 /* MainVC.swift */ = {isa = PBXFileReference; lastKnownFileType = sourcecode.swift; path = MainVC.swift; sourceTree = "<group>"; };
		7003EF941F34009500242979 /* Assets.xcassets */ = {isa = PBXFileReference; lastKnownFileType = folder.assetcatalog; path = Assets.xcassets; sourceTree = "<group>"; };
		7003EF971F34009500242979 /* Base */ = {isa = PBXFileReference; lastKnownFileType = file.storyboard; name = Base; path = Base.lproj/LaunchScreen.storyboard; sourceTree = "<group>"; };
		7003EF991F34009500242979 /* Info.plist */ = {isa = PBXFileReference; lastKnownFileType = text.plist.xml; path = Info.plist; sourceTree = "<group>"; };
		7003EFA31F3403A600242979 /* ThumbnailCV.swift */ = {isa = PBXFileReference; fileEncoding = 4; lastKnownFileType = sourcecode.swift; name = ThumbnailCV.swift; path = ../ThumbnailCV.swift; sourceTree = "<group>"; };
		7003EFA51F3404CE00242979 /* Swatch.swift */ = {isa = PBXFileReference; fileEncoding = 4; lastKnownFileType = sourcecode.swift; path = Swatch.swift; sourceTree = "<group>"; };
		7003EFA71F34058900242979 /* WebService.swift */ = {isa = PBXFileReference; fileEncoding = 4; lastKnownFileType = sourcecode.swift; path = WebService.swift; sourceTree = "<group>"; };
		7003EFA91F349E3500242979 /* ThumbnailCVCell.swift */ = {isa = PBXFileReference; fileEncoding = 4; lastKnownFileType = sourcecode.swift; path = ThumbnailCVCell.swift; sourceTree = "<group>"; };
		7003EFAD1F34BEB400242979 /* ColorPicker.swift */ = {isa = PBXFileReference; fileEncoding = 4; lastKnownFileType = sourcecode.swift; name = ColorPicker.swift; path = ../ColorPicker.swift; sourceTree = "<group>"; };
		7003EFAF1F34D1EB00242979 /* DownloadingImage.swift */ = {isa = PBXFileReference; fileEncoding = 4; lastKnownFileType = sourcecode.swift; path = DownloadingImage.swift; sourceTree = "<group>"; };
		7003EFB31F34D3AD00242979 /* ColorPickerView.swift */ = {isa = PBXFileReference; fileEncoding = 4; lastKnownFileType = sourcecode.swift; path = ColorPickerView.swift; sourceTree = "<group>"; };
		7003EFB51F34E31600242979 /* GlobalAttributes.swift */ = {isa = PBXFileReference; fileEncoding = 4; lastKnownFileType = sourcecode.swift; path = GlobalAttributes.swift; sourceTree = "<group>"; };
		7003EFB71F34FECE00242979 /* DetailView.swift */ = {isa = PBXFileReference; fileEncoding = 4; lastKnownFileType = sourcecode.swift; path = DetailView.swift; sourceTree = "<group>"; };
		7003EFB91F3505FD00242979 /* ThumbnailCVSelected.swift */ = {isa = PBXFileReference; fileEncoding = 4; lastKnownFileType = sourcecode.swift; path = ThumbnailCVSelected.swift; sourceTree = "<group>"; };
		703AEDC91F362E4800D2517B /* WebServiceTests.xctest */ = {isa = PBXFileReference; explicitFileType = wrapper.cfbundle; includeInIndex = 0; path = WebServiceTests.xctest; sourceTree = BUILT_PRODUCTS_DIR; };
		703AEDCB1F362E4800D2517B /* WebServiceTests.swift */ = {isa = PBXFileReference; lastKnownFileType = sourcecode.swift; path = WebServiceTests.swift; sourceTree = "<group>"; };
		703AEDCD1F362E4800D2517B /* Info.plist */ = {isa = PBXFileReference; lastKnownFileType = text.plist.xml; path = Info.plist; sourceTree = "<group>"; };
		703AEDEF1F36A04D00D2517B /* ThumbnailRefresher.swift */ = {isa = PBXFileReference; fileEncoding = 4; lastKnownFileType = sourcecode.swift; path = ThumbnailRefresher.swift; sourceTree = "<group>"; };
		703AEDF11F36AD1F00D2517B /* MainVCViewSetUp.swift */ = {isa = PBXFileReference; fileEncoding = 4; lastKnownFileType = sourcecode.swift; path = MainVCViewSetUp.swift; sourceTree = "<group>"; };
		70FC3D371F36053500EC02EC /* DetailViewLabel.swift */ = {isa = PBXFileReference; fileEncoding = 4; lastKnownFileType = sourcecode.swift; path = DetailViewLabel.swift; sourceTree = "<group>"; };
/* End PBXFileReference section */

/* Begin PBXFrameworksBuildPhase section */
		7003EF871F34009500242979 /* Frameworks */ = {
			isa = PBXFrameworksBuildPhase;
			buildActionMask = 2147483647;
			files = (
			);
			runOnlyForDeploymentPostprocessing = 0;
		};
		703AEDC61F362E4800D2517B /* Frameworks */ = {
			isa = PBXFrameworksBuildPhase;
			buildActionMask = 2147483647;
			files = (
			);
			runOnlyForDeploymentPostprocessing = 0;
		};
/* End PBXFrameworksBuildPhase section */

/* Begin PBXGroup section */
		7003EF811F34009500242979 = {
			isa = PBXGroup;
			children = (
				7003EF8C1F34009500242979 /* Lickability */,
				703AEDCA1F362E4800D2517B /* WebServiceTests */,
				7003EF8B1F34009500242979 /* Products */,
			);
			sourceTree = "<group>";
		};
		7003EF8B1F34009500242979 /* Products */ = {
			isa = PBXGroup;
			children = (
				7003EF8A1F34009500242979 /* Lickability.app */,
				703AEDC91F362E4800D2517B /* WebServiceTests.xctest */,
			);
			name = Products;
			sourceTree = "<group>";
		};
		7003EF8C1F34009500242979 /* Lickability */ = {
			isa = PBXGroup;
			children = (
				7003EF8D1F34009500242979 /* AppDelegate.swift */,
				70FC3D361F36051300EC02EC /* Utilities */,
				7003EFB11F34D37B00242979 /* Model */,
				7003EFB21F34D38400242979 /* Web Service Calls */,
				70FC3D341F3603D700EC02EC /* Controller */,
				70FC3D321F3603B800EC02EC /* Thumbnails */,
				70FC3D331F3603C100EC02EC /* Album Picker */,
				70FC3D351F3603E400EC02EC /* Detail View */,
				7003EF941F34009500242979 /* Assets.xcassets */,
				7003EF961F34009500242979 /* LaunchScreen.storyboard */,
				7003EF991F34009500242979 /* Info.plist */,
			);
			path = Lickability;
			sourceTree = "<group>";
		};
		7003EFB11F34D37B00242979 /* Model */ = {
			isa = PBXGroup;
			children = (
				7003EFA51F3404CE00242979 /* Swatch.swift */,
			);
			name = Model;
			sourceTree = "<group>";
		};
		7003EFB21F34D38400242979 /* Web Service Calls */ = {
			isa = PBXGroup;
			children = (
				7003EFA71F34058900242979 /* WebService.swift */,
				7003EFAF1F34D1EB00242979 /* DownloadingImage.swift */,
			);
			name = "Web Service Calls";
			sourceTree = "<group>";
		};
		703AEDCA1F362E4800D2517B /* WebServiceTests */ = {
			isa = PBXGroup;
			children = (
				703AEDCB1F362E4800D2517B /* WebServiceTests.swift */,
				703AEDCD1F362E4800D2517B /* Info.plist */,
			);
			path = WebServiceTests;
			sourceTree = "<group>";
		};
		70FC3D321F3603B800EC02EC /* Thumbnails */ = {
			isa = PBXGroup;
			children = (
				7003EFA31F3403A600242979 /* ThumbnailCV.swift */,
				7003EFB91F3505FD00242979 /* ThumbnailCVSelected.swift */,
				7003EFA91F349E3500242979 /* ThumbnailCVCell.swift */,
				703AEDEF1F36A04D00D2517B /* ThumbnailRefresher.swift */,
			);
			name = Thumbnails;
			sourceTree = "<group>";
		};
		70FC3D331F3603C100EC02EC /* Album Picker */ = {
			isa = PBXGroup;
			children = (
				7003EFAD1F34BEB400242979 /* ColorPicker.swift */,
				7003EFB31F34D3AD00242979 /* ColorPickerView.swift */,
			);
			name = "Album Picker";
			sourceTree = "<group>";
		};
		70FC3D341F3603D700EC02EC /* Controller */ = {
			isa = PBXGroup;
			children = (
				7003EF8F1F34009500242979 /* MainVC.swift */,
				703AEDF11F36AD1F00D2517B /* MainVCViewSetUp.swift */,
			);
			name = Controller;
			sourceTree = "<group>";
		};
		70FC3D351F3603E400EC02EC /* Detail View */ = {
			isa = PBXGroup;
			children = (
				7003EFB71F34FECE00242979 /* DetailView.swift */,
			);
			name = "Detail View";
			sourceTree = "<group>";
		};
		70FC3D361F36051300EC02EC /* Utilities */ = {
			isa = PBXGroup;
			children = (
				7003EFB51F34E31600242979 /* GlobalAttributes.swift */,
				70FC3D371F36053500EC02EC /* DetailViewLabel.swift */,
			);
			name = Utilities;
			sourceTree = "<group>";
		};
/* End PBXGroup section */

/* Begin PBXNativeTarget section */
		7003EF891F34009500242979 /* Lickability */ = {
			isa = PBXNativeTarget;
			buildConfigurationList = 7003EF9C1F34009500242979 /* Build configuration list for PBXNativeTarget "Lickability" */;
			buildPhases = (
				7003EF861F34009500242979 /* Sources */,
				7003EF871F34009500242979 /* Frameworks */,
				7003EF881F34009500242979 /* Resources */,
			);
			buildRules = (
			);
			dependencies = (
			);
			name = Lickability;
			productName = Lickability;
			productReference = 7003EF8A1F34009500242979 /* Lickability.app */;
			productType = "com.apple.product-type.application";
		};
		703AEDC81F362E4800D2517B /* WebServiceTests */ = {
			isa = PBXNativeTarget;
			buildConfigurationList = 703AEDD01F362E4800D2517B /* Build configuration list for PBXNativeTarget "WebServiceTests" */;
			buildPhases = (
				703AEDC51F362E4800D2517B /* Sources */,
				703AEDC61F362E4800D2517B /* Frameworks */,
				703AEDC71F362E4800D2517B /* Resources */,
			);
			buildRules = (
			);
			dependencies = (
				703AEDCF1F362E4800D2517B /* PBXTargetDependency */,
			);
			name = WebServiceTests;
			productName = WebServiceTests;
			productReference = 703AEDC91F362E4800D2517B /* WebServiceTests.xctest */;
			productType = "com.apple.product-type.bundle.unit-test";
		};
/* End PBXNativeTarget section */

/* Begin PBXProject section */
		7003EF821F34009500242979 /* Project object */ = {
			isa = PBXProject;
			attributes = {
				LastSwiftUpdateCheck = 0830;
				LastUpgradeCheck = 0830;
				ORGANIZATIONNAME = DLEE;
				TargetAttributes = {
					7003EF891F34009500242979 = {
						CreatedOnToolsVersion = 8.3.3;
						DevelopmentTeam = 76EM9P9GMZ;
						ProvisioningStyle = Automatic;
					};
					703AEDC81F362E4800D2517B = {
						CreatedOnToolsVersion = 8.3.3;
						DevelopmentTeam = 76EM9P9GMZ;
						ProvisioningStyle = Automatic;
						TestTargetID = 7003EF891F34009500242979;
					};
				};
			};
			buildConfigurationList = 7003EF851F34009500242979 /* Build configuration list for PBXProject "Lickability" */;
			compatibilityVersion = "Xcode 3.2";
			developmentRegion = English;
			hasScannedForEncodings = 0;
			knownRegions = (
				en,
				Base,
			);
			mainGroup = 7003EF811F34009500242979;
			productRefGroup = 7003EF8B1F34009500242979 /* Products */;
			projectDirPath = "";
			projectRoot = "";
			targets = (
				7003EF891F34009500242979 /* Lickability */,
				703AEDC81F362E4800D2517B /* WebServiceTests */,
			);
		};
/* End PBXProject section */

/* Begin PBXResourcesBuildPhase section */
		7003EF881F34009500242979 /* Resources */ = {
			isa = PBXResourcesBuildPhase;
			buildActionMask = 2147483647;
			files = (
				7003EF981F34009500242979 /* LaunchScreen.storyboard in Resources */,
				7003EF951F34009500242979 /* Assets.xcassets in Resources */,
			);
			runOnlyForDeploymentPostprocessing = 0;
		};
		703AEDC71F362E4800D2517B /* Resources */ = {
			isa = PBXResourcesBuildPhase;
			buildActionMask = 2147483647;
			files = (
			);
			runOnlyForDeploymentPostprocessing = 0;
		};
/* End PBXResourcesBuildPhase section */

/* Begin PBXSourcesBuildPhase section */
		7003EF861F34009500242979 /* Sources */ = {
			isa = PBXSourcesBuildPhase;
			buildActionMask = 2147483647;
			files = (
				7003EF901F34009500242979 /* MainVC.swift in Sources */,
				7003EFA61F3404CE00242979 /* Swatch.swift in Sources */,
				7003EFB01F34D1EB00242979 /* DownloadingImage.swift in Sources */,
				7003EFAE1F34BEB400242979 /* ColorPicker.swift in Sources */,
				7003EF8E1F34009500242979 /* AppDelegate.swift in Sources */,
				7003EFB81F34FECE00242979 /* DetailView.swift in Sources */,
				7003EFBA1F3505FD00242979 /* ThumbnailCVSelected.swift in Sources */,
				7003EFB41F34D3AD00242979 /* ColorPickerView.swift in Sources */,
				7003EFAA1F349E3500242979 /* ThumbnailCVCell.swift in Sources */,
				7003EFB61F34E31600242979 /* GlobalAttributes.swift in Sources */,
				70FC3D381F36053500EC02EC /* DetailViewLabel.swift in Sources */,
				703AEDF01F36A04D00D2517B /* ThumbnailRefresher.swift in Sources */,
				7003EFA81F34058900242979 /* WebService.swift in Sources */,
				7003EFA41F3403A600242979 /* ThumbnailCV.swift in Sources */,
				703AEDF21F36AD1F00D2517B /* MainVCViewSetUp.swift in Sources */,
			);
			runOnlyForDeploymentPostprocessing = 0;
		};
		703AEDC51F362E4800D2517B /* Sources */ = {
			isa = PBXSourcesBuildPhase;
			buildActionMask = 2147483647;
			files = (
				703AEDCC1F362E4800D2517B /* WebServiceTests.swift in Sources */,
			);
			runOnlyForDeploymentPostprocessing = 0;
		};
/* End PBXSourcesBuildPhase section */

/* Begin PBXTargetDependency section */
		703AEDCF1F362E4800D2517B /* PBXTargetDependency */ = {
			isa = PBXTargetDependency;
			target = 7003EF891F34009500242979 /* Lickability */;
			targetProxy = 703AEDCE1F362E4800D2517B /* PBXContainerItemProxy */;
		};
/* End PBXTargetDependency section */

/* Begin PBXVariantGroup section */
		7003EF961F34009500242979 /* LaunchScreen.storyboard */ = {
			isa = PBXVariantGroup;
			children = (
				7003EF971F34009500242979 /* Base */,
			);
			name = LaunchScreen.storyboard;
			sourceTree = "<group>";
		};
/* End PBXVariantGroup section */

/* Begin XCBuildConfiguration section */
		7003EF9A1F34009500242979 /* Debug */ = {
			isa = XCBuildConfiguration;
			buildSettings = {
				ALWAYS_SEARCH_USER_PATHS = NO;
				CLANG_ANALYZER_NONNULL = YES;
				CLANG_ANALYZER_NUMBER_OBJECT_CONVERSION = YES_AGGRESSIVE;
				CLANG_CXX_LANGUAGE_STANDARD = "gnu++0x";
				CLANG_CXX_LIBRARY = "libc++";
				CLANG_ENABLE_MODULES = YES;
				CLANG_ENABLE_OBJC_ARC = YES;
				CLANG_WARN_BOOL_CONVERSION = YES;
				CLANG_WARN_CONSTANT_CONVERSION = YES;
				CLANG_WARN_DIRECT_OBJC_ISA_USAGE = YES_ERROR;
				CLANG_WARN_DOCUMENTATION_COMMENTS = YES;
				CLANG_WARN_EMPTY_BODY = YES;
				CLANG_WARN_ENUM_CONVERSION = YES;
				CLANG_WARN_INFINITE_RECURSION = YES;
				CLANG_WARN_INT_CONVERSION = YES;
				CLANG_WARN_OBJC_ROOT_CLASS = YES_ERROR;
				CLANG_WARN_SUSPICIOUS_MOVE = YES;
				CLANG_WARN_UNREACHABLE_CODE = YES;
				CLANG_WARN__DUPLICATE_METHOD_MATCH = YES;
				"CODE_SIGN_IDENTITY[sdk=iphoneos*]" = "iPhone Developer";
				COPY_PHASE_STRIP = NO;
				DEBUG_INFORMATION_FORMAT = dwarf;
				ENABLE_STRICT_OBJC_MSGSEND = YES;
				ENABLE_TESTABILITY = YES;
				GCC_C_LANGUAGE_STANDARD = gnu99;
				GCC_DYNAMIC_NO_PIC = NO;
				GCC_NO_COMMON_BLOCKS = YES;
				GCC_OPTIMIZATION_LEVEL = 0;
				GCC_PREPROCESSOR_DEFINITIONS = (
					"DEBUG=1",
					"$(inherited)",
				);
				GCC_WARN_64_TO_32_BIT_CONVERSION = YES;
				GCC_WARN_ABOUT_RETURN_TYPE = YES_ERROR;
				GCC_WARN_UNDECLARED_SELECTOR = YES;
				GCC_WARN_UNINITIALIZED_AUTOS = YES_AGGRESSIVE;
				GCC_WARN_UNUSED_FUNCTION = YES;
				GCC_WARN_UNUSED_VARIABLE = YES;
				IPHONEOS_DEPLOYMENT_TARGET = 10.3;
				MTL_ENABLE_DEBUG_INFO = YES;
				ONLY_ACTIVE_ARCH = YES;
				SDKROOT = iphoneos;
				SWIFT_ACTIVE_COMPILATION_CONDITIONS = DEBUG;
				SWIFT_OPTIMIZATION_LEVEL = "-Onone";
			};
			name = Debug;
		};
		7003EF9B1F34009500242979 /* Release */ = {
			isa = XCBuildConfiguration;
			buildSettings = {
				ALWAYS_SEARCH_USER_PATHS = NO;
				CLANG_ANALYZER_NONNULL = YES;
				CLANG_ANALYZER_NUMBER_OBJECT_CONVERSION = YES_AGGRESSIVE;
				CLANG_CXX_LANGUAGE_STANDARD = "gnu++0x";
				CLANG_CXX_LIBRARY = "libc++";
				CLANG_ENABLE_MODULES = YES;
				CLANG_ENABLE_OBJC_ARC = YES;
				CLANG_WARN_BOOL_CONVERSION = YES;
				CLANG_WARN_CONSTANT_CONVERSION = YES;
				CLANG_WARN_DIRECT_OBJC_ISA_USAGE = YES_ERROR;
				CLANG_WARN_DOCUMENTATION_COMMENTS = YES;
				CLANG_WARN_EMPTY_BODY = YES;
				CLANG_WARN_ENUM_CONVERSION = YES;
				CLANG_WARN_INFINITE_RECURSION = YES;
				CLANG_WARN_INT_CONVERSION = YES;
				CLANG_WARN_OBJC_ROOT_CLASS = YES_ERROR;
				CLANG_WARN_SUSPICIOUS_MOVE = YES;
				CLANG_WARN_UNREACHABLE_CODE = YES;
				CLANG_WARN__DUPLICATE_METHOD_MATCH = YES;
				"CODE_SIGN_IDENTITY[sdk=iphoneos*]" = "iPhone Developer";
				COPY_PHASE_STRIP = NO;
				DEBUG_INFORMATION_FORMAT = "dwarf-with-dsym";
				ENABLE_NS_ASSERTIONS = NO;
				ENABLE_STRICT_OBJC_MSGSEND = YES;
				GCC_C_LANGUAGE_STANDARD = gnu99;
				GCC_NO_COMMON_BLOCKS = YES;
				GCC_WARN_64_TO_32_BIT_CONVERSION = YES;
				GCC_WARN_ABOUT_RETURN_TYPE = YES_ERROR;
				GCC_WARN_UNDECLARED_SELECTOR = YES;
				GCC_WARN_UNINITIALIZED_AUTOS = YES_AGGRESSIVE;
				GCC_WARN_UNUSED_FUNCTION = YES;
				GCC_WARN_UNUSED_VARIABLE = YES;
				IPHONEOS_DEPLOYMENT_TARGET = 10.3;
				MTL_ENABLE_DEBUG_INFO = NO;
				SDKROOT = iphoneos;
				SWIFT_OPTIMIZATION_LEVEL = "-Owholemodule";
				VALIDATE_PRODUCT = YES;
			};
			name = Release;
		};
		7003EF9D1F34009500242979 /* Debug */ = {
			isa = XCBuildConfiguration;
			buildSettings = {
				ASSETCATALOG_COMPILER_APPICON_NAME = AppIcon;
				DEVELOPMENT_TEAM = 76EM9P9GMZ;
				INFOPLIST_FILE = Lickability/Info.plist;
				IPHONEOS_DEPLOYMENT_TARGET = 10.0;
				LD_RUNPATH_SEARCH_PATHS = "$(inherited) @executable_path/Frameworks";
				PRODUCT_BUNDLE_IDENTIFIER = dlee923.Lickability;
				PRODUCT_NAME = "$(TARGET_NAME)";
				SWIFT_VERSION = 3.0;
			};
			name = Debug;
		};
		7003EF9E1F34009500242979 /* Release */ = {
			isa = XCBuildConfiguration;
			buildSettings = {
				ASSETCATALOG_COMPILER_APPICON_NAME = AppIcon;
				DEVELOPMENT_TEAM = 76EM9P9GMZ;
				INFOPLIST_FILE = Lickability/Info.plist;
				IPHONEOS_DEPLOYMENT_TARGET = 10.0;
				LD_RUNPATH_SEARCH_PATHS = "$(inherited) @executable_path/Frameworks";
				PRODUCT_BUNDLE_IDENTIFIER = dlee923.Lickability;
				PRODUCT_NAME = "$(TARGET_NAME)";
				SWIFT_VERSION = 3.0;
			};
			name = Release;
		};
		703AEDD11F362E4800D2517B /* Debug */ = {
			isa = XCBuildConfiguration;
			buildSettings = {
				BUNDLE_LOADER = "$(TEST_HOST)";
				DEVELOPMENT_TEAM = 76EM9P9GMZ;
				INFOPLIST_FILE = WebServiceTests/Info.plist;
				LD_RUNPATH_SEARCH_PATHS = "$(inherited) @executable_path/Frameworks @loader_path/Frameworks";
				PRODUCT_BUNDLE_IDENTIFIER = dlee923.WebServiceTests;
				PRODUCT_NAME = "$(TARGET_NAME)";
				SWIFT_VERSION = 3.0;
				TEST_HOST = "$(BUILT_PRODUCTS_DIR)/Lickability.app/Lickability";
			};
			name = Debug;
		};
		703AEDD21F362E4800D2517B /* Release */ = {
			isa = XCBuildConfiguration;
			buildSettings = {
				BUNDLE_LOADER = "$(TEST_HOST)";
				DEVELOPMENT_TEAM = 76EM9P9GMZ;
				INFOPLIST_FILE = WebServiceTests/Info.plist;
				LD_RUNPATH_SEARCH_PATHS = "$(inherited) @executable_path/Frameworks @loader_path/Frameworks";
				PRODUCT_BUNDLE_IDENTIFIER = dlee923.WebServiceTests;
				PRODUCT_NAME = "$(TARGET_NAME)";
				SWIFT_VERSION = 3.0;
				TEST_HOST = "$(BUILT_PRODUCTS_DIR)/Lickability.app/Lickability";
			};
			name = Release;
		};
/* End XCBuildConfiguration section */

/* Begin XCConfigurationList section */
		7003EF851F34009500242979 /* Build configuration list for PBXProject "Lickability" */ = {
			isa = XCConfigurationList;
			buildConfigurations = (
				7003EF9A1F34009500242979 /* Debug */,
				7003EF9B1F34009500242979 /* Release */,
			);
			defaultConfigurationIsVisible = 0;
			defaultConfigurationName = Release;
		};
		7003EF9C1F34009500242979 /* Build configuration list for PBXNativeTarget "Lickability" */ = {
			isa = XCConfigurationList;
			buildConfigurations = (
				7003EF9D1F34009500242979 /* Debug */,
				7003EF9E1F34009500242979 /* Release */,
			);
			defaultConfigurationIsVisible = 0;
			defaultConfigurationName = Release;
		};
		703AEDD01F362E4800D2517B /* Build configuration list for PBXNativeTarget "WebServiceTests" */ = {
			isa = XCConfigurationList;
			buildConfigurations = (
				703AEDD11F362E4800D2517B /* Debug */,
				703AEDD21F362E4800D2517B /* Release */,
			);
			defaultConfigurationIsVisible = 0;
			defaultConfigurationName = Release;
		};
/* End XCConfigurationList section */
	};
	rootObject = 7003EF821F34009500242979 /* Project object */;
}
